# THIS IS AN AUTOGENERATED FILE. DO NOT EDIT THIS FILE DIRECTLY.
# yarn lockfile v1


mxgraph@^4.2.0:
  version "4.2.0"
  resolved "https://registry.yarnpkg.com/mxgraph/-/mxgraph-4.2.0.tgz#299bb6c3e026213c0d3c70d6523b10555189d7cc"
  integrity sha512-GU5c+6IaFH2gwM88NuUkM2zb2l5GQi4MCxyuRvxZdDzIUP/9ZpgMexxgb8T3c0w/dioael5jGbPit1QKEJIlCw==
